
Microsoft Visual Studio Solution File, Format Version 11.00
# Visual Studio 2010
Project("{FAE04EC0-301F-11D3-BF4B-00C04F79EFBC}") = "ConcurrentList", "ConcurrentList\ConcurrentList.csproj", "{C9780328-6099-42A6-8962-B2DF8000FB80}"
EndProject
Project("{FAE04EC0-301F-11D3-BF4B-00C04F79EFBC}") = "ConcurrentList.Tests", "ConcurrentList.Tests\ConcurrentList.Tests.csproj", "{0A4D374A-49AE-44FF-A33F-08B160D39758}"
EndProject
Project("{2150E333-8FDC-42A3-9474-1A3956D46DE8}") = "Solution Items", "Solution Items", "{6CEB2D62-27FD-4A61-8D3C-685F598ABF8E}"
	ProjectSection(SolutionItems) = preProject
		README.markdown = README.markdown
	EndProjectSection
EndProject
Global
	GlobalSection(SolutionConfigurationPlatforms) = preSolution
		Debug|Any CPU = Debug|Any CPU
		Release|Any CPU = Release|Any CPU
	EndGlobalSection
	GlobalSection(ProjectConfigurationPlatforms) = postSolution
		{C9780328-6099-42A6-8962-B2DF8000FB80}.Debug|Any CPU.ActiveCfg = Debug|Any CPU
		{C9780328-6099-42A6-8962-B2DF8000FB80}.Debug|Any CPU.Build.0 = Debug|Any CPU
		{C9780328-6099-42A6-8962-B2DF8000FB80}.Release|Any CPU.ActiveCfg = Release|Any CPU
		{C9780328-6099-42A6-8962-B2DF8000FB80}.Release|Any CPU.Build.0 = Release|Any CPU
		{0A4D374A-49AE-44FF-A33F-08B160D39758}.Debug|Any CPU.ActiveCfg = Debug|Any CPU
		{0A4D374A-49AE-44FF-A33F-08B160D39758}.Debug|Any CPU.Build.0 = Debug|Any CPU
		{0A4D374A-49AE-44FF-A33F-08B160D39758}.Release|Any CPU.ActiveCfg = Release|Any CPU
		{0A4D374A-49AE-44FF-A33F-08B160D39758}.Release|Any CPU.Build.0 = Release|Any CPU
	EndGlobalSection
	GlobalSection(SolutionProperties) = preSolution
		HideSolutionNode = FALSE
	EndGlobalSection
	GlobalSection(MonoDevelopProperties) = preSolution
		StartupItem = ConcurrentList\ConcurrentList.csproj
	EndGlobalSection
EndGlobal
